
Microsoft Visual Studio Solution File, Format Version 12.00
# Visual Studio Version 17
VisualStudioVersion = 17.8.34525.116
MinimumVisualStudioVersion = 10.0.40219.1
Project("{9A19103F-16F7-4668-BE54-9A1E7A4F7556}") = "chipchop", "ChipChop\chipchop.csproj", "{D7232312-28D1-4BF5-9240-B0B866366D14}"
EndProject
Project("{9A19103F-16F7-4668-BE54-9A1E7A4F7556}") = "chipchop.Datalayer", "chip.Datalayer\chipchop.Datalayer.csproj", "{AA5F730E-45F5-4733-810D-AE9E24637768}"
EndProject
Project("{9A19103F-16F7-4668-BE54-9A1E7A4F7556}") = "chipchop.Core", "chipchop.Core\chipchop.Core.csproj", "{FA674AB3-1D6D-4A10-BB35-75AF8B66C3BB}"
EndProject
Global
	GlobalSection(SolutionConfigurationPlatforms) = preSolution
		Debug|Any CPU = Debug|Any CPU
		Release|Any CPU = Release|Any CPU
	EndGlobalSection
	GlobalSection(ProjectConfigurationPlatforms) = postSolution
		{D7232312-28D1-4BF5-9240-B0B866366D14}.Debug|Any CPU.ActiveCfg = Debug|Any CPU
		{D7232312-28D1-4BF5-9240-B0B866366D14}.Debug|Any CPU.Build.0 = Debug|Any CPU
		{D7232312-28D1-4BF5-9240-B0B866366D14}.Release|Any CPU.ActiveCfg = Release|Any CPU
		{D7232312-28D1-4BF5-9240-B0B866366D14}.Release|Any CPU.Build.0 = Release|Any CPU
		{AA5F730E-45F5-4733-810D-AE9E24637768}.Debug|Any CPU.ActiveCfg = Debug|Any CPU
		{AA5F730E-45F5-4733-810D-AE9E24637768}.Debug|Any CPU.Build.0 = Debug|Any CPU
		{AA5F730E-45F5-4733-810D-AE9E24637768}.Release|Any CPU.ActiveCfg = Release|Any CPU
		{AA5F730E-45F5-4733-810D-AE9E24637768}.Release|Any CPU.Build.0 = Release|Any CPU
		{FA674AB3-1D6D-4A10-BB35-75AF8B66C3BB}.Debug|Any CPU.ActiveCfg = Debug|Any CPU
		{FA674AB3-1D6D-4A10-BB35-75AF8B66C3BB}.Debug|Any CPU.Build.0 = Debug|Any CPU
		{FA674AB3-1D6D-4A10-BB35-75AF8B66C3BB}.Release|Any CPU.ActiveCfg = Release|Any CPU
		{FA674AB3-1D6D-4A10-BB35-75AF8B66C3BB}.Release|Any CPU.Build.0 = Release|Any CPU
	EndGlobalSection
	GlobalSection(SolutionProperties) = preSolution
		HideSolutionNode = FALSE
	EndGlobalSection
	GlobalSection(ExtensibilityGlobals) = postSolution
		SolutionGuid = {62737BAD-C373-428E-8CEB-5A427C2DAEEC}
	EndGlobalSection
EndGlobal
